{
  "nodes": {
    "disko": {
      "inputs": {
        "nixpkgs": [
          "nixpkgs"
        ]
      },
      "locked": {
        "lastModified": 1708221730,
        "narHash": "sha256-vyx6tsnDGX4bNegiF1kREHMRDH7hy+q1m56V8JYHWLI=",
        "owner": "nix-community",
        "repo": "disko",
        "rev": "d8a4377cd8eec23668ea3fae07efee9d5782cb91",
        "type": "github"
      },
      "original": {
        "owner": "nix-community",
        "repo": "disko",
        "type": "github"
      }
    },
    "nixpkgs": {
      "locked": {
        "lastModified": 1708214945,
        "narHash": "sha256-LwP/lKuPasVLqUX+XFf6DbW4BWmM7o5K5unx/dXCJWY=",
        "owner": "NixOS",
        "repo": "nixpkgs",
        "rev": "e015f24e508c549ab2ab2ad74dcdad3ae07513fe",
        "type": "github"
      },
      "original": {
        "owner": "NixOS",
        "ref": "nixpkgs-unstable",
        "repo": "nixpkgs",
        "type": "github"
      }
    },
    "root": {
      "inputs": {
        "disko": "disko",
        "nixpkgs": "nixpkgs"
      }
    }
  },
  "root": "root",
  "version": 7
}
